<?xml version="1.0" encoding="utf-8"?>
<Project ToolsVersion="4.0" xmlns="http://schemas.microsoft.com/developer/msbuild/2003">
  <ItemGroup>
    <Filter Include="Source Files">
      <UniqueIdentifier>{75a0face-5661-4afe-8250-c439dc2d5a9b}</UniqueIdentifier>
      <Extensions>cpp;c;cxx;rc;def;r;odl;idl;hpj;bat</Extensions>
    </Filter>
    <Filter Include="Header Files">
      <UniqueIdentifier>{78e25814-52d8-4202-9263-14712e9160d8}</UniqueIdentifier>
      <Extensions>h;hpp;hxx;hm;inl</Extensions>
    </Filter>
    <Filter Include="Resource Files">
      <UniqueIdentifier>{9919c79d-ed8a-4787-bcb4-0bbf1541bd53}</UniqueIdentifier>
      <Extensions>ico;cur;bmp;dlg;rc2;rct;bin;rgs;gif;jpg;jpeg;jpe</Extensions>
    </Filter>
  </ItemGroup>
  <ItemGroup>
    <ClCompile Include="CEngine.cpp">
      <Filter>Source Files</Filter>
    </ClCompile>
  </ItemGroup>
  <ItemGroup>
    <ClInclude Include="Artist.h">
      <Filter>Header Files</Filter>
    </ClInclude>
    <ClInclude Include="BBNode.h">
      <Filter>Header Files</Filter>
    </ClInclude>
    <ClInclude Include="Binary.h">
      <Filter>Header Files</Filter>
    </ClInclude>
    <ClInclude Include="BreadBoard.h">
      <Filter>Header Files</Filter>
    </ClInclude>
    <ClInclude Include="CEngine.h">
      <Filter>Header Files</Filter>
    </ClInclude>
    <ClInclude Include="CircuitElement.h">
      <Filter>Header Files</Filter>
    </ClInclude>
    <ClInclude Include="Gate.h">
      <Filter>Header Files</Filter>
    </ClInclude>
    <ClInclude Include="glut-3.7.6-bin\glut.h">
      <Filter>Header Files</Filter>
    </ClInclude>
  </ItemGroup>
  <ItemGroup>
    <None Include="glut-3.7.6-bin\glut.def">
      <Filter>Source Files</Filter>
    </None>
  </ItemGroup>
</Project>